
Microsoft Visual Studio Solution File, Format Version 12.00
# Visual Studio Version 17
VisualStudioVersion = 17.10.35013.160
MinimumVisualStudioVersion = 10.0.40219.1
Project("{FAE04EC0-301F-11D3-BF4B-00C04F79EFBC}") = "ElectroSpeed_server", "ElectroSpeed_server\ElectroSpeed_server.csproj", "{C57E1173-7DFC-4296-84F5-423F091A6715}"
EndProject
Global
	GlobalSection(SolutionConfigurationPlatforms) = preSolution
		Debug|Any CPU = Debug|Any CPU
		Release|Any CPU = Release|Any CPU
	EndGlobalSection
	GlobalSection(ProjectConfigurationPlatforms) = postSolution
		{C57E1173-7DFC-4296-84F5-423F091A6715}.Debug|Any CPU.ActiveCfg = Debug|Any CPU
		{C57E1173-7DFC-4296-84F5-423F091A6715}.Debug|Any CPU.Build.0 = Debug|Any CPU
		{C57E1173-7DFC-4296-84F5-423F091A6715}.Release|Any CPU.ActiveCfg = Release|Any CPU
		{C57E1173-7DFC-4296-84F5-423F091A6715}.Release|Any CPU.Build.0 = Release|Any CPU
	EndGlobalSection
	GlobalSection(SolutionProperties) = preSolution
		HideSolutionNode = FALSE
	EndGlobalSection
	GlobalSection(ExtensibilityGlobals) = postSolution
		SolutionGuid = {D904C280-EF74-4E71-808D-56BA94A18401}
	EndGlobalSection
EndGlobal
